<?xml version="1.0" encoding="utf-8"?>
<Project ToolsVersion="4.0" xmlns="http://schemas.microsoft.com/developer/msbuild/2003">
  <ItemGroup>
    <Filter Include="Source Files">
      <UniqueIdentifier>{4FC737F1-C7A5-4376-A066-2A32D752A2FF}</UniqueIdentifier>
      <Extensions>cpp;c;cc;cxx;def;odl;idl;hpj;bat;asm;asmx</Extensions>
    </Filter>
    <Filter Include="Header Files">
      <UniqueIdentifier>{93995380-89BD-4b04-88EB-625FBE52EBFB}</UniqueIdentifier>
      <Extensions>h;hpp;hxx;hm;inl;inc;xsd</Extensions>
    </Filter>
    <Filter Include="Header Files\Animation">
      <UniqueIdentifier>{2ed93a1a-fb2b-4174-b797-43849c46792a}</UniqueIdentifier>
    </Filter>
    <Filter Include="Header Files\GUI">
      <UniqueIdentifier>{dd7c1560-f19c-4c8d-a988-ee5001b04c4d}</UniqueIdentifier>
    </Filter>
    <Filter Include="Header Files\Vengine">
      <UniqueIdentifier>{817de16a-328f-47ea-9b55-62036bb652ab}</UniqueIdentifier>
    </Filter>
    <Filter Include="Source Files\Vengine">
      <UniqueIdentifier>{1c6035d2-ac2d-4533-b723-a7bc8d1e34a3}</UniqueIdentifier>
    </Filter>
    <Filter Include="Source Files\Animation">
      <UniqueIdentifier>{f9e9ac52-4a8e-4cf7-ade6-362cdce92478}</UniqueIdentifier>
    </Filter>
    <Filter Include="Header Files\Physics">
      <UniqueIdentifier>{85ae445d-61a6-4ae9-adbe-6d57467fd229}</UniqueIdentifier>
    </Filter>
    <Filter Include="Header Files\TLPP">
      <UniqueIdentifier>{7e03d460-4c2c-4513-855c-f23caf0af283}</UniqueIdentifier>
    </Filter>
    <Filter Include="Source Files\Animation\GUI">
      <UniqueIdentifier>{b1b0d08b-ce94-44e2-8daf-cc0b9bcbd161}</UniqueIdentifier>
    </Filter>
    <Filter Include="Source Files\TLPP">
      <UniqueIdentifier>{63143352-9711-4a90-b879-96548fe561fa}</UniqueIdentifier>
    </Filter>
    <Filter Include="Header Files\Gameplay">
      <UniqueIdentifier>{4b1780c5-4a1e-4265-8472-efc106c533da}</UniqueIdentifier>
    </Filter>
    <Filter Include="Header Files\Resource Files">
      <UniqueIdentifier>{67DA6AB6-F800-4c08-8B7A-83BB121AAD01}</UniqueIdentifier>
      <Extensions>rc;ico;cur;bmp;dlg;rc2;rct;bin;rgs;gif;jpg;jpeg;jpe;resx;tiff;tif;png;wav;mfcribbon-ms</Extensions>
    </Filter>
  </ItemGroup>
  <ItemGroup>
    <ClCompile Include="main.cpp">
      <Filter>Source Files</Filter>
    </ClCompile>
    <ClCompile Include="src\Application.cpp">
      <Filter>Source Files</Filter>
    </ClCompile>
    <ClCompile Include="src\Render.cpp">
      <Filter>Source Files</Filter>
    </ClCompile>
    <ClCompile Include="src\Utility.cpp">
      <Filter>Source Files</Filter>
    </ClCompile>
    <ClCompile Include="src\Input.cpp">
      <Filter>Source Files</Filter>
    </ClCompile>
    <ClCompile Include="src\InputListener.cpp">
      <Filter>Source Files</Filter>
    </ClCompile>
    <ClCompile Include="src\Image.cpp">
      <Filter>Source Files</Filter>
    </ClCompile>
    <ClCompile Include="src\RenderListener.cpp">
      <Filter>Source Files</Filter>
    </ClCompile>
    <ClCompile Include="src\GameObject.cpp">
      <Filter>Source Files</Filter>
    </ClCompile>
    <ClCompile Include="src\ObjectManager.cpp">
      <Filter>Source Files</Filter>
    </ClCompile>
    <ClCompile Include="src\Level.cpp">
      <Filter>Source Files</Filter>
    </ClCompile>
    <ClCompile Include="src\Camera.cpp">
      <Filter>Source Files</Filter>
    </ClCompile>
    <ClCompile Include="src\Physics.cpp">
      <Filter>Source Files</Filter>
    </ClCompile>
    <ClCompile Include="..\..\..\..\..\..\..\gwen\Renderers\Allegro\Allegro.cpp">
      <Filter>Source Files</Filter>
    </ClCompile>
    <ClCompile Include="src\GUIMainMenu.cpp">
      <Filter>Source Files\Animation\GUI</Filter>
    </ClCompile>
    <ClCompile Include="src\VengineLevel.cpp">
      <Filter>Source Files\Vengine</Filter>
    </ClCompile>
    <ClCompile Include="src\VengineGUI.cpp">
      <Filter>Source Files\Vengine</Filter>
    </ClCompile>
    <ClCompile Include="src\AnimationBase.cpp">
      <Filter>Source Files\Animation</Filter>
    </ClCompile>
    <ClCompile Include="src\BasicAnimation.cpp">
      <Filter>Source Files\Animation</Filter>
    </ClCompile>
    <ClCompile Include="src\VengineMap.cpp">
      <Filter>Source Files\Vengine</Filter>
    </ClCompile>
    <ClCompile Include="src\Tilelayer.cpp">
      <Filter>Source Files</Filter>
    </ClCompile>
    <ClCompile Include="src\Script.cpp">
      <Filter>Source Files</Filter>
    </ClCompile>
    <ClCompile Include="src\LuaScript.cpp">
      <Filter>Source Files</Filter>
    </ClCompile>
    <ClCompile Include="src\ScriptObject.cpp">
      <Filter>Source Files</Filter>
    </ClCompile>
    <ClCompile Include="src\Character.cpp">
      <Filter>Source Files</Filter>
    </ClCompile>
    <ClCompile Include="src\Player.cpp">
      <Filter>Source Files</Filter>
    </ClCompile>
    <ClCompile Include="src\ContactListener.cpp">
      <Filter>Source Files</Filter>
    </ClCompile>
    <ClCompile Include="src\DebugDraw.cpp">
      <Filter>Source Files</Filter>
    </ClCompile>
    <ClCompile Include="src\Tiled.cpp">
      <Filter>Source Files</Filter>
    </ClCompile>
    <ClCompile Include="vengine\TLPP\tolua_Application.cpp">
      <Filter>Source Files\TLPP</Filter>
    </ClCompile>
    <ClCompile Include="src\IngameMenu.cpp">
      <Filter>Source Files</Filter>
    </ClCompile>
    <ClCompile Include="src\LoadLevelDialog.cpp">
      <Filter>Source Files\Animation\GUI</Filter>
    </ClCompile>
    <ClCompile Include="src\VengineStatics.cpp">
      <Filter>Source Files\Vengine</Filter>
    </ClCompile>
    <ClCompile Include="vengine\Gameplay\Bouncer.cpp">
      <Filter>Source Files</Filter>
    </ClCompile>
    <ClCompile Include="src\MultiAnimation.cpp">
      <Filter>Source Files</Filter>
    </ClCompile>
  </ItemGroup>
  <ItemGroup>
    <ClInclude Include="vengine\Render\Render.h">
      <Filter>Header Files</Filter>
    </ClInclude>
    <ClInclude Include="vengine\Application.h">
      <Filter>Header Files</Filter>
    </ClInclude>
    <ClInclude Include="vengine\Animation\AnimationBase.h">
      <Filter>Header Files\Animation</Filter>
    </ClInclude>
    <ClInclude Include="vengine\Animation\BasicAnimation.h">
      <Filter>Header Files\Animation</Filter>
    </ClInclude>
    <ClInclude Include="vengine\Utility.h">
      <Filter>Header Files</Filter>
    </ClInclude>
    <ClInclude Include="vengine\Input.h">
      <Filter>Header Files</Filter>
    </ClInclude>
    <ClInclude Include="vengine\InputListener.h">
      <Filter>Header Files</Filter>
    </ClInclude>
    <ClInclude Include="vengine\Image.h">
      <Filter>Header Files</Filter>
    </ClInclude>
    <ClInclude Include="vengine\Render\RenderListener.h">
      <Filter>Header Files</Filter>
    </ClInclude>
    <ClInclude Include="vengine\GameObject.h">
      <Filter>Header Files</Filter>
    </ClInclude>
    <ClInclude Include="vengine\ObjectManager.h">
      <Filter>Header Files</Filter>
    </ClInclude>
    <ClInclude Include="vengine\Level\Level.h">
      <Filter>Header Files</Filter>
    </ClInclude>
    <ClInclude Include="vengine\Level\LayerDataTypes.h">
      <Filter>Header Files</Filter>
    </ClInclude>
    <ClInclude Include="vengine\Level\LevelLoader.h">
      <Filter>Header Files</Filter>
    </ClInclude>
    <ClInclude Include="vengine\Level\MapLayer.h">
      <Filter>Header Files</Filter>
    </ClInclude>
    <ClInclude Include="vengine\Camera.h">
      <Filter>Header Files</Filter>
    </ClInclude>
    <ClInclude Include="vengine\GUI\GUIMainMenu.h">
      <Filter>Header Files\GUI</Filter>
    </ClInclude>
    <ClInclude Include="vengine\GUI\VengineGUI.h">
      <Filter>Header Files\Vengine</Filter>
    </ClInclude>
    <ClInclude Include="vengine\Level\VengineLevel.h">
      <Filter>Header Files\Vengine</Filter>
    </ClInclude>
    <ClInclude Include="vengine\Vengine.h">
      <Filter>Header Files</Filter>
    </ClInclude>
    <ClInclude Include="vengine\Level\VengineMap.h">
      <Filter>Header Files\Vengine</Filter>
    </ClInclude>
    <ClInclude Include="vengine\Level\Tilelayer.h">
      <Filter>Header Files</Filter>
    </ClInclude>
    <ClInclude Include="vengine\Script\Script.h">
      <Filter>Header Files</Filter>
    </ClInclude>
    <ClInclude Include="vengine\Script\LuaScript.h">
      <Filter>Header Files</Filter>
    </ClInclude>
    <ClInclude Include="vengine\Script\ScriptObject.h">
      <Filter>Header Files</Filter>
    </ClInclude>
    <ClInclude Include="vengine\Character\Character.h">
      <Filter>Header Files</Filter>
    </ClInclude>
    <ClInclude Include="vengine\Character\Player.h">
      <Filter>Header Files</Filter>
    </ClInclude>
    <ClInclude Include="vengine\Physics.h">
      <Filter>Header Files\Physics</Filter>
    </ClInclude>
    <ClInclude Include="vengine\ContactListener.h">
      <Filter>Header Files\Physics</Filter>
    </ClInclude>
    <ClInclude Include="vengine\DebugDraw.h">
      <Filter>Header Files\Physics</Filter>
    </ClInclude>
    <ClInclude Include="vengine\Tiled.h">
      <Filter>Header Files</Filter>
    </ClInclude>
    <ClInclude Include="vengine\TLPP\tolua_Application.h">
      <Filter>Header Files\TLPP</Filter>
    </ClInclude>
    <ClInclude Include="vengine\GUI\IngameMenu.h">
      <Filter>Header Files\GUI</Filter>
    </ClInclude>
    <ClInclude Include="vengine\GUI\LoadLevelDialog.h">
      <Filter>Header Files\GUI</Filter>
    </ClInclude>
    <ClInclude Include="vengine\VengineStatics.h">
      <Filter>Header Files\Vengine</Filter>
    </ClInclude>
    <ClInclude Include="vengine\Gameplay\Bouncer.h">
      <Filter>Header Files\Gameplay</Filter>
    </ClInclude>
    <ClInclude Include="vengine\GameTypes.h">
      <Filter>Header Files</Filter>
    </ClInclude>
    <ClInclude Include="vengine\Animation\MultiAnimation.h">
      <Filter>Header Files\Animation</Filter>
    </ClInclude>
  </ItemGroup>
</Project>