<?xml version="1.0" encoding="utf-8"?>
<Project ToolsVersion="4.0" xmlns="http://schemas.microsoft.com/developer/msbuild/2003">
  <ItemGroup>
    <Filter Include="Header Files">
      <UniqueIdentifier>{93995380-89BD-4b04-88EB-625FBE52EBFB}</UniqueIdentifier>
      <Extensions>h;hpp;hxx;hm;inl;inc;xsd</Extensions>
    </Filter>
    <Filter Include="Source Files">
      <UniqueIdentifier>{5e37ad63-6cf6-4ef4-8097-c793b6fefe56}</UniqueIdentifier>
    </Filter>
    <Filter Include="Resource Files">
      <UniqueIdentifier>{40c5a998-7340-4ae9-bfb4-d586394821c7}</UniqueIdentifier>
    </Filter>
    <Filter Include="Header Files\TMR">
      <UniqueIdentifier>{06dcd352-70f7-4ab6-886a-031aae3bb6ac}</UniqueIdentifier>
    </Filter>
    <Filter Include="Source Files\TMR">
      <UniqueIdentifier>{2cdc5df0-5dc6-4fc2-ab9c-55cfffa5efe1}</UniqueIdentifier>
    </Filter>
  </ItemGroup>
  <ItemGroup>
    <ClCompile Include="main.cpp">
      <Filter>Source Files</Filter>
    </ClCompile>
    <ClCompile Include="Application.cpp">
      <Filter>Source Files</Filter>
    </ClCompile>
    <ClCompile Include="Render.cpp">
      <Filter>Source Files</Filter>
    </ClCompile>
    <ClCompile Include="ObjectModel.cpp">
      <Filter>Source Files</Filter>
    </ClCompile>
    <ClCompile Include="ObjectView.cpp">
      <Filter>Source Files</Filter>
    </ClCompile>
    <ClCompile Include="Utility.cpp">
      <Filter>Source Files</Filter>
    </ClCompile>
    <ClCompile Include="GameObject.cpp">
      <Filter>Source Files</Filter>
    </ClCompile>
    <ClCompile Include="BoxView.cpp">
      <Filter>Source Files</Filter>
    </ClCompile>
    <ClCompile Include="TMR\MapFile.cpp">
      <Filter>Source Files\TMR</Filter>
    </ClCompile>
    <ClCompile Include="TMR\ObjectLayer.cpp">
      <Filter>Source Files\TMR</Filter>
    </ClCompile>
    <ClCompile Include="TMR\TiledLua.cpp">
      <Filter>Source Files\TMR</Filter>
    </ClCompile>
    <ClCompile Include="TMR\TiledObject.cpp">
      <Filter>Source Files\TMR</Filter>
    </ClCompile>
    <ClCompile Include="TMR\Tilelayer.cpp">
      <Filter>Source Files\TMR</Filter>
    </ClCompile>
    <ClCompile Include="TMR\Tileset.cpp">
      <Filter>Source Files\TMR</Filter>
    </ClCompile>
    <ClCompile Include="Camera.cpp">
      <Filter>Source Files</Filter>
    </ClCompile>
    <ClCompile Include="Physics.cpp">
      <Filter>Source Files</Filter>
    </ClCompile>
    <ClCompile Include="ContactListener.cpp">
      <Filter>Source Files</Filter>
    </ClCompile>
    <ClCompile Include="GameObjectList.cpp">
      <Filter>Source Files</Filter>
    </ClCompile>
    <ClCompile Include="DebugDraw.cpp">
      <Filter>Source Files</Filter>
    </ClCompile>
  </ItemGroup>
  <ItemGroup>
    <ClInclude Include="Application.h">
      <Filter>Header Files</Filter>
    </ClInclude>
    <ClInclude Include="Vengine.h">
      <Filter>Header Files</Filter>
    </ClInclude>
    <ClInclude Include="Debug.h">
      <Filter>Header Files</Filter>
    </ClInclude>
    <ClInclude Include="Render.h">
      <Filter>Header Files</Filter>
    </ClInclude>
    <ClInclude Include="ObjectView.h">
      <Filter>Header Files</Filter>
    </ClInclude>
    <ClInclude Include="ObjectModel.h">
      <Filter>Header Files</Filter>
    </ClInclude>
    <ClInclude Include="Utility.h">
      <Filter>Header Files</Filter>
    </ClInclude>
    <ClInclude Include="Camera.h">
      <Filter>Header Files</Filter>
    </ClInclude>
    <ClInclude Include="GameObject.h">
      <Filter>Header Files</Filter>
    </ClInclude>
    <ClInclude Include="BoxView.h">
      <Filter>Header Files</Filter>
    </ClInclude>
    <ClInclude Include="TMR\Layer.h">
      <Filter>Header Files\TMR</Filter>
    </ClInclude>
    <ClInclude Include="TMR\LayerTypes.h">
      <Filter>Header Files\TMR</Filter>
    </ClInclude>
    <ClInclude Include="TMR\MapFile.h">
      <Filter>Header Files\TMR</Filter>
    </ClInclude>
    <ClInclude Include="TMR\ObjectLayer.h">
      <Filter>Header Files\TMR</Filter>
    </ClInclude>
    <ClInclude Include="TMR\TiledLua.h">
      <Filter>Header Files\TMR</Filter>
    </ClInclude>
    <ClInclude Include="TMR\TiledObject.h">
      <Filter>Header Files\TMR</Filter>
    </ClInclude>
    <ClInclude Include="TMR\Tilelayer.h">
      <Filter>Header Files\TMR</Filter>
    </ClInclude>
    <ClInclude Include="TMR\Tileset.h">
      <Filter>Header Files\TMR</Filter>
    </ClInclude>
    <ClInclude Include="Physics.h">
      <Filter>Header Files</Filter>
    </ClInclude>
    <ClInclude Include="ContactListener.h">
      <Filter>Header Files</Filter>
    </ClInclude>
    <ClInclude Include="GameObjectList.h">
      <Filter>Header Files</Filter>
    </ClInclude>
    <ClInclude Include="DebugDraw.h">
      <Filter>Header Files</Filter>
    </ClInclude>
  </ItemGroup>
</Project>